
Microsoft Visual Studio Solution File, Format Version 12.00
# Visual Studio Version 16
VisualStudioVersion = 16.0.31729.503
MinimumVisualStudioVersion = 10.0.40219.1
Project("{2150E333-8FDC-42A3-9474-1A3956D46DE8}") = "Services", "Services", "{02289E24-C77E-4BAE-B026-82CFAA17F1B3}"
EndProject
Project("{2150E333-8FDC-42A3-9474-1A3956D46DE8}") = "Catalog", "Catalog", "{FC117F27-9DE4-4C14-88DE-F58594375D81}"
EndProject
Project("{9A19103F-16F7-4668-BE54-9A1E7A4F7556}") = "Catalog.API", "Services\Catalog\Catalog.API\Catalog.API.csproj", "{967D9CA0-2B73-4299-9A45-77222DF10614}"
EndProject
Project("{E53339B2-1760-4266-BCC7-CA923CBCF16C}") = "docker-compose", "docker-compose.dcproj", "{49DD2C45-AA06-4906-8D20-8254A1E802FA}"
EndProject
Project("{2150E333-8FDC-42A3-9474-1A3956D46DE8}") = "Basket", "Basket", "{8FBDC08D-C85C-444B-BA66-6DE5D42131DF}"
EndProject
Project("{9A19103F-16F7-4668-BE54-9A1E7A4F7556}") = "Basket.API", "Services\Basket\Basket.API\Basket.API.csproj", "{5DEF2A22-84DA-4500-AD29-FD85C1E43CDB}"
EndProject
Project("{2150E333-8FDC-42A3-9474-1A3956D46DE8}") = "Discount", "Discount", "{629834CB-8216-4524-AC8F-DEE8F5ED0B87}"
EndProject
Project("{FAE04EC0-301F-11D3-BF4B-00C04F79EFBC}") = "Discount.API", "Services\Discount\Discount.API\Discount.API.csproj", "{DC71214E-B972-410B-BD45-0D2EA032515B}"
EndProject
Global
	GlobalSection(SolutionConfigurationPlatforms) = preSolution
		Debug|Any CPU = Debug|Any CPU
		Release|Any CPU = Release|Any CPU
	EndGlobalSection
	GlobalSection(ProjectConfigurationPlatforms) = postSolution
		{967D9CA0-2B73-4299-9A45-77222DF10614}.Debug|Any CPU.ActiveCfg = Debug|Any CPU
		{967D9CA0-2B73-4299-9A45-77222DF10614}.Debug|Any CPU.Build.0 = Debug|Any CPU
		{967D9CA0-2B73-4299-9A45-77222DF10614}.Release|Any CPU.ActiveCfg = Release|Any CPU
		{967D9CA0-2B73-4299-9A45-77222DF10614}.Release|Any CPU.Build.0 = Release|Any CPU
		{49DD2C45-AA06-4906-8D20-8254A1E802FA}.Debug|Any CPU.ActiveCfg = Debug|Any CPU
		{49DD2C45-AA06-4906-8D20-8254A1E802FA}.Debug|Any CPU.Build.0 = Debug|Any CPU
		{49DD2C45-AA06-4906-8D20-8254A1E802FA}.Release|Any CPU.ActiveCfg = Release|Any CPU
		{49DD2C45-AA06-4906-8D20-8254A1E802FA}.Release|Any CPU.Build.0 = Release|Any CPU
		{5DEF2A22-84DA-4500-AD29-FD85C1E43CDB}.Debug|Any CPU.ActiveCfg = Debug|Any CPU
		{5DEF2A22-84DA-4500-AD29-FD85C1E43CDB}.Debug|Any CPU.Build.0 = Debug|Any CPU
		{5DEF2A22-84DA-4500-AD29-FD85C1E43CDB}.Release|Any CPU.ActiveCfg = Release|Any CPU
		{5DEF2A22-84DA-4500-AD29-FD85C1E43CDB}.Release|Any CPU.Build.0 = Release|Any CPU
		{DC71214E-B972-410B-BD45-0D2EA032515B}.Debug|Any CPU.ActiveCfg = Debug|Any CPU
		{DC71214E-B972-410B-BD45-0D2EA032515B}.Debug|Any CPU.Build.0 = Debug|Any CPU
		{DC71214E-B972-410B-BD45-0D2EA032515B}.Release|Any CPU.ActiveCfg = Release|Any CPU
		{DC71214E-B972-410B-BD45-0D2EA032515B}.Release|Any CPU.Build.0 = Release|Any CPU
	EndGlobalSection
	GlobalSection(SolutionProperties) = preSolution
		HideSolutionNode = FALSE
	EndGlobalSection
	GlobalSection(NestedProjects) = preSolution
		{FC117F27-9DE4-4C14-88DE-F58594375D81} = {02289E24-C77E-4BAE-B026-82CFAA17F1B3}
		{967D9CA0-2B73-4299-9A45-77222DF10614} = {FC117F27-9DE4-4C14-88DE-F58594375D81}
		{8FBDC08D-C85C-444B-BA66-6DE5D42131DF} = {02289E24-C77E-4BAE-B026-82CFAA17F1B3}
		{5DEF2A22-84DA-4500-AD29-FD85C1E43CDB} = {8FBDC08D-C85C-444B-BA66-6DE5D42131DF}
		{629834CB-8216-4524-AC8F-DEE8F5ED0B87} = {02289E24-C77E-4BAE-B026-82CFAA17F1B3}
		{DC71214E-B972-410B-BD45-0D2EA032515B} = {629834CB-8216-4524-AC8F-DEE8F5ED0B87}
	EndGlobalSection
	GlobalSection(ExtensibilityGlobals) = postSolution
		SolutionGuid = {E4AB2E97-F94E-454E-9632-7A10D47ADA77}
	EndGlobalSection
EndGlobal
